// !$*UTF8*$!
{
	archiveVersion = 1;
	classes = {
	};
	objectVersion = 46;
	objects = {

/* Begin PBXBuildFile section */
		4DED87521E55DE7B00C306FA /* ResourcePath.mm in Sources */ = {isa = PBXBuildFile; fileRef = 4DED87511E55DE7B00C306FA /* ResourcePath.mm */; };
		4DED87551E55DE7B00C306FA /* main.cpp in Sources */ = {isa = PBXBuildFile; fileRef = 4DED87541E55DE7B00C306FA /* main.cpp */; };
		4DED87581E55DE7B00C306FA /* cute_image.jpg in Resources */ = {isa = PBXBuildFile; fileRef = 4DED87571E55DE7B00C306FA /* cute_image.jpg */; };
		4DED875A1E55DE7B00C306FA /* nice_music.ogg in Resources */ = {isa = PBXBuildFile; fileRef = 4DED87591E55DE7B00C306FA /* nice_music.ogg */; };
		4DED875C1E55DE7B00C306FA /* sansation.ttf in Resources */ = {isa = PBXBuildFile; fileRef = 4DED875B1E55DE7B00C306FA /* sansation.ttf */; };
		4DED875E1E55DE7B00C306FA /* icon.png in Resources */ = {isa = PBXBuildFile; fileRef = 4DED875D1E55DE7B00C306FA /* icon.png */; };
		4DED87661E55EE9000C306FA /* OpenGL.framework in Frameworks */ = {isa = PBXBuildFile; fileRef = 4DED87651E55EE9000C306FA /* OpenGL.framework */; };
		4DED87681E5641A000C306FA /* readme.txt in Resources */ = {isa = PBXBuildFile; fileRef = 4DED87671E5641A000C306FA /* readme.txt */; };
/* End PBXBuildFile section */

/* Begin PBXFileReference section */
		4DED874C1E55DE7B00C306FA /* sfml-macos-playground.app */ = {isa = PBXFileReference; explicitFileType = wrapper.application; includeInIndex = 0; path = "sfml-macos-playground.app"; sourceTree = BUILT_PRODUCTS_DIR; };
		4DED87501E55DE7B00C306FA /* sfml-macos-playground-Info.plist */ = {isa = PBXFileReference; lastKnownFileType = text.plist.xml; path = "sfml-macos-playground-Info.plist"; sourceTree = "<group>"; };
		4DED87511E55DE7B00C306FA /* ResourcePath.mm */ = {isa = PBXFileReference; lastKnownFileType = sourcecode.cpp.objcpp; path = ResourcePath.mm; sourceTree = "<group>"; };
		4DED87531E55DE7B00C306FA /* ResourcePath.hpp */ = {isa = PBXFileReference; lastKnownFileType = sourcecode.cpp.h; path = ResourcePath.hpp; sourceTree = "<group>"; };
		4DED87541E55DE7B00C306FA /* main.cpp */ = {isa = PBXFileReference; lastKnownFileType = sourcecode.cpp.cpp; path = main.cpp; sourceTree = "<group>"; };
		4DED87571E55DE7B00C306FA /* cute_image.jpg */ = {isa = PBXFileReference; lastKnownFileType = image.jpeg; path = cute_image.jpg; sourceTree = "<group>"; };
		4DED87591E55DE7B00C306FA /* nice_music.ogg */ = {isa = PBXFileReference; lastKnownFileType = file; path = nice_music.ogg; sourceTree = "<group>"; };
		4DED875B1E55DE7B00C306FA /* sansation.ttf */ = {isa = PBXFileReference; lastKnownFileType = file; path = sansation.ttf; sourceTree = "<group>"; };
		4DED875D1E55DE7B00C306FA /* icon.png */ = {isa = PBXFileReference; lastKnownFileType = image.png; path = icon.png; sourceTree = "<group>"; };
		4DED87651E55EE9000C306FA /* OpenGL.framework */ = {isa = PBXFileReference; lastKnownFileType = wrapper.framework; name = OpenGL.framework; path = System/Library/Frameworks/OpenGL.framework; sourceTree = SDKROOT; };
		4DED87671E5641A000C306FA /* readme.txt */ = {isa = PBXFileReference; fileEncoding = 4; lastKnownFileType = text; path = readme.txt; sourceTree = "<group>"; };
/* End PBXFileReference section */

/* Begin PBXFrameworksBuildPhase section */
		4DED87481E55DE7B00C306FA /* Frameworks */ = {
			isa = PBXFrameworksBuildPhase;
			buildActionMask = 2147483647;
			files = (
				4DED87661E55EE9000C306FA /* OpenGL.framework in Frameworks */,
			);
			runOnlyForDeploymentPostprocessing = 0;
		};
/* End PBXFrameworksBuildPhase section */

/* Begin PBXGroup section */
		4DED87421E55DE7B00C306FA = {
			isa = PBXGroup;
			children = (
				4DED874E1E55DE7B00C306FA /* sfml-macos-playground */,
				4DED874D1E55DE7B00C306FA /* Products */,
				4DED87641E55EE9000C306FA /* Frameworks */,
			);
			sourceTree = "<group>";
		};
		4DED874D1E55DE7B00C306FA /* Products */ = {
			isa = PBXGroup;
			children = (
				4DED874C1E55DE7B00C306FA /* sfml-macos-playground.app */,
			);
			name = Products;
			sourceTree = "<group>";
		};
		4DED874E1E55DE7B00C306FA /* sfml-macos-playground */ = {
			isa = PBXGroup;
			children = (
				4DED87511E55DE7B00C306FA /* ResourcePath.mm */,
				4DED87531E55DE7B00C306FA /* ResourcePath.hpp */,
				4DED87541E55DE7B00C306FA /* main.cpp */,
				4DED87561E55DE7B00C306FA /* Resources */,
				4DED874F1E55DE7B00C306FA /* Supporting Files */,
			);
			path = "sfml-macos-playground";
			sourceTree = "<group>";
		};
		4DED874F1E55DE7B00C306FA /* Supporting Files */ = {
			isa = PBXGroup;
			children = (
				4DED87501E55DE7B00C306FA /* sfml-macos-playground-Info.plist */,
			);
			name = "Supporting Files";
			sourceTree = "<group>";
		};
		4DED87561E55DE7B00C306FA /* Resources */ = {
			isa = PBXGroup;
			children = (
				4DED87571E55DE7B00C306FA /* cute_image.jpg */,
				4DED87591E55DE7B00C306FA /* nice_music.ogg */,
				4DED875B1E55DE7B00C306FA /* sansation.ttf */,
				4DED875D1E55DE7B00C306FA /* icon.png */,
				4DED87671E5641A000C306FA /* readme.txt */,
			);
			name = Resources;
			sourceTree = "<group>";
		};
		4DED87641E55EE9000C306FA /* Frameworks */ = {
			isa = PBXGroup;
			children = (
				4DED87651E55EE9000C306FA /* OpenGL.framework */,
			);
			name = Frameworks;
			sourceTree = "<group>";
		};
/* End PBXGroup section */

/* Begin PBXNativeTarget section */
		4DED874B1E55DE7B00C306FA /* sfml-macos-playground */ = {
			isa = PBXNativeTarget;
			buildConfigurationList = 4DED87611E55DE7B00C306FA /* Build configuration list for PBXNativeTarget "sfml-macos-playground" */;
			buildPhases = (
				4DED87471E55DE7B00C306FA /* Sources */,
				4DED87481E55DE7B00C306FA /* Frameworks */,
				4DED87491E55DE7B00C306FA /* Resources */,
				4DED874A1E55DE7B00C306FA /* ShellScript */,
			);
			buildRules = (
			);
			dependencies = (
			);
			name = "sfml-macos-playground";
			productName = "sfml-macos-playground";
			productReference = 4DED874C1E55DE7B00C306FA /* sfml-macos-playground.app */;
			productType = "com.apple.product-type.application";
		};
/* End PBXNativeTarget section */

/* Begin PBXProject section */
		4DED87431E55DE7B00C306FA /* Project object */ = {
			isa = PBXProject;
			attributes = {
				LastUpgradeCheck = 0820;
				ORGANIZATIONNAME = "Pfeil, Brian";
				TargetAttributes = {
					4DED874B1E55DE7B00C306FA = {
						CreatedOnToolsVersion = 8.2.1;
						DevelopmentTeam = XZ493P2355;
						ProvisioningStyle = Automatic;
					};
				};
			};
			buildConfigurationList = 4DED87461E55DE7B00C306FA /* Build configuration list for PBXProject "sfml-macos-playground" */;
			compatibilityVersion = "Xcode 3.2";
			developmentRegion = English;
			hasScannedForEncodings = 0;
			knownRegions = (
				en,
			);
			mainGroup = 4DED87421E55DE7B00C306FA;
			productRefGroup = 4DED874D1E55DE7B00C306FA /* Products */;
			projectDirPath = "";
			projectRoot = "";
			targets = (
				4DED874B1E55DE7B00C306FA /* sfml-macos-playground */,
			);
		};
/* End PBXProject section */

/* Begin PBXResourcesBuildPhase section */
		4DED87491E55DE7B00C306FA /* Resources */ = {
			isa = PBXResourcesBuildPhase;
			buildActionMask = 2147483647;
			files = (
				4DED87681E5641A000C306FA /* readme.txt in Resources */,
				4DED875E1E55DE7B00C306FA /* icon.png in Resources */,
				4DED875C1E55DE7B00C306FA /* sansation.ttf in Resources */,
				4DED875A1E55DE7B00C306FA /* nice_music.ogg in Resources */,
				4DED87581E55DE7B00C306FA /* cute_image.jpg in Resources */,
			);
			runOnlyForDeploymentPostprocessing = 0;
		};
/* End PBXResourcesBuildPhase section */

/* Begin PBXShellScriptBuildPhase section */
		4DED874A1E55DE7B00C306FA /* ShellScript */ = {
			isa = PBXShellScriptBuildPhase;
			buildActionMask = 2147483647;
			files = (
			);
			inputPaths = (
			);
			outputPaths = (
			);
			runOnlyForDeploymentPostprocessing = 0;
			shellPath = /bin/sh;
			shellScript = "# This shell script simply copies required SFML dylibs/frameworks into the application bundle frameworks folder.\n# If you're using static libraries (which is not recommended) you should remove this script from your project.\n\n# SETTINGS\nCMAKE_INSTALL_FRAMEWORK_PREFIX=\"/Library/Frameworks\"\nCMAKE_INSTALL_LIB_PREFIX=\"/usr/local/lib\"\nFRAMEWORKS_FULL_PATH=\"$BUILT_PRODUCTS_DIR/$FRAMEWORKS_FOLDER_PATH/\"\n\n# Are we building a project that uses frameworks or dylibs?\ncase \"$SFML_BINARY_TYPE\" in\n    DYLIBS)\n        frameworks=\"false\"\n        ;;\n    *)\n        frameworks=\"true\"\n        ;;\nesac\n\n# Echoes to stderr\nerror () # $* message to display\n{\n    echo $* 1>&2\n    exit 2\n}\n\nassert () # $1 is a boolean, $2...N is an error message\n{\n    if [ $# -lt 2 ]\n    then\n        error \"Internal error in assert: not enough args\"\n    fi\n\n    if [ $1 -ne 0 ]\n    then\n        shift\n        error \"$*\"\n    fi\n}\n\nforce_remove () # $@ is some paths\n{\n    test $# -ge 1\n    assert $? \"force_remove() requires at least one parameter\"\n    rm -fr $@\n    assert $? \"couldn't remove $@\"\n}\n\ncopy () # $1 is a source, $2 is a destination\n{\n    test $# -eq 2\n    assert $? \"copy() requires two parameters\"\n    ditto \"$1\" \"$2\"\n    assert $? \"couldn't copy $1 to $2\"\n}\n\nrequire () # $1 is a SFML module like 'system' or 'audio'\n{\n    dest=\"$BUILT_PRODUCTS_DIR/$FRAMEWORKS_FOLDER_PATH/\"\n\n    if [ -z \"$1\" ]\n    then\n        error \"require() requires one parameter!\"\n    else\n        # clean potentially old stuff\n        force_remove \"$dest/libsfml-$1\"*\n        force_remove \"$dest/sfml-$1.framework\"\n\n        # copy SFML libraries\n        if [ \"$frameworks\" = \"true\" ]\n        then\n            source=\"$CMAKE_INSTALL_FRAMEWORK_PREFIX/sfml-$1.framework\"\n            target=\"sfml-$1.framework\"\n        elif [ \"$SFML_LINK_DYLIBS_SUFFIX\" = \"-d\" ]\n        then\n            source=\"$CMAKE_INSTALL_LIB_PREFIX/libsfml-$1-d.dylib\"\n            target=\"`readlink $source`\"\n        else\n            source=\"$CMAKE_INSTALL_LIB_PREFIX/libsfml-$1.dylib\"\n            target=\"`readlink $source`\"\n        fi\n\n        copy \"$source\" \"$dest/$target\"\n\n        # copy extra dependencies\n        if [ \"$1\" = \"audio\" ]\n        then\n            # copy \"FLAC\" \"ogg\" \"vorbis\" \"vorbisenc\" \"vorbisfile\" \"OpenAL\" frameworks too\n            for f in \"FLAC\" \"ogg\" \"vorbis\" \"vorbisenc\" \"vorbisfile\" \"OpenAL\"\n            do\n                copy \"$CMAKE_INSTALL_FRAMEWORK_PREFIX/$f.framework\" \"$dest/$f.framework\"\n            done\n        elif [ \"$1\" = \"graphics\" ]\n        then\n            copy \"$CMAKE_INSTALL_FRAMEWORK_PREFIX/freetype.framework\" \"$dest/freetype.framework\"\n        fi\n    fi\n}\n\nif [ -n \"$SFML_SYSTEM\" ]\nthen\n    require \"system\"\nfi\n\nif [ -n \"$SFML_AUDIO\" ]\nthen\n    require \"audio\"\nfi\n\nif [ -n \"$SFML_NETWORK\" ]\nthen\n    require \"network\"\nfi\n\nif [ -n \"$SFML_WINDOW\" ]\nthen\n    require \"window\"\nfi\n\nif [ -n \"$SFML_GRAPHICS\" ]\nthen\n    require \"graphics\"\nfi\n\n                ";
		};
/* End PBXShellScriptBuildPhase section */

/* Begin PBXSourcesBuildPhase section */
		4DED87471E55DE7B00C306FA /* Sources */ = {
			isa = PBXSourcesBuildPhase;
			buildActionMask = 2147483647;
			files = (
				4DED87551E55DE7B00C306FA /* main.cpp in Sources */,
				4DED87521E55DE7B00C306FA /* ResourcePath.mm in Sources */,
			);
			runOnlyForDeploymentPostprocessing = 0;
		};
/* End PBXSourcesBuildPhase section */

/* Begin XCBuildConfiguration section */
		4DED875F1E55DE7B00C306FA /* Debug */ = {
			isa = XCBuildConfiguration;
			buildSettings = {
				ARCHS = "$(NATIVE_ARCH_ACTUAL)";
				CLANG_CXX_LANGUAGE_STANDARD = "c++14";
				CLANG_CXX_LIBRARY = "libc++";
				FRAMEWORK_SEARCH_PATHS = (
					/Library/Frameworks/,
					"$(inherited)",
				);
				GCC_VERSION = com.apple.compilers.llvm.clang.1_0;
				HEADER_SEARCH_PATHS = (
					/usr/local/include/,
					"$(inherited)",
				);
				LIBRARY_SEARCH_PATHS = (
					/usr/local/lib/,
					"$(inherited)",
				);
				MACOSX_DEPLOYMENT_TARGET = 10.7;
				OTHER_LDFLAGS = (
					"$(inherited)",
					"$(SFML_SYSTEM)",
					"$(SFML_WINDOW)",
					"$(SFML_GRAPHICS)",
					"$(SFML_AUDIO)",
					"$(SFML_NETWORK)",
				);
				SFML_AUDIO = "$(SFML_LINK_PREFIX) sfml-audio$(SFML_LINK_SUFFIX)";
				SFML_BINARY_TYPE = FRAMEWORKS;
				SFML_GRAPHICS = "$(SFML_LINK_PREFIX) sfml-graphics$(SFML_LINK_SUFFIX)";
				SFML_LINK_DYLIBS_PREFIX = "-l";
				SFML_LINK_DYLIBS_SUFFIX = "";
				SFML_LINK_FRAMEWORKS_PREFIX = "-framework";
				SFML_LINK_FRAMEWORKS_SUFFIX = "";
				SFML_LINK_PREFIX = "$(SFML_LINK_$(SFML_BINARY_TYPE)_PREFIX)";
				SFML_LINK_SUFFIX = "$(SFML_LINK_$(SFML_BINARY_TYPE)_SUFFIX)";
				SFML_NETWORK = "$(SFML_LINK_PREFIX) sfml-network$(SFML_LINK_SUFFIX)";
				SFML_SYSTEM = "$(SFML_LINK_PREFIX) sfml-system$(SFML_LINK_SUFFIX)";
				SFML_WINDOW = "$(SFML_LINK_PREFIX) sfml-window$(SFML_LINK_SUFFIX)";
				SUPPORTED_PLATFORMS = macosx;
			};
			name = Debug;
		};
		4DED87601E55DE7B00C306FA /* Release */ = {
			isa = XCBuildConfiguration;
			buildSettings = {
				ARCHS = "$(NATIVE_ARCH_ACTUAL)";
				CLANG_CXX_LANGUAGE_STANDARD = "c++14";
				CLANG_CXX_LIBRARY = "libc++";
				FRAMEWORK_SEARCH_PATHS = (
					/Library/Frameworks/,
					"$(inherited)",
				);
				GCC_VERSION = com.apple.compilers.llvm.clang.1_0;
				HEADER_SEARCH_PATHS = (
					/usr/local/include/,
					"$(inherited)",
				);
				LIBRARY_SEARCH_PATHS = (
					/usr/local/lib/,
					"$(inherited)",
				);
				MACOSX_DEPLOYMENT_TARGET = 10.7;
				OTHER_LDFLAGS = (
					"$(inherited)",
					"$(SFML_SYSTEM)",
					"$(SFML_WINDOW)",
					"$(SFML_GRAPHICS)",
					"$(SFML_AUDIO)",
					"$(SFML_NETWORK)",
				);
				SFML_AUDIO = "$(SFML_LINK_PREFIX) sfml-audio$(SFML_LINK_SUFFIX)";
				SFML_BINARY_TYPE = FRAMEWORKS;
				SFML_GRAPHICS = "$(SFML_LINK_PREFIX) sfml-graphics$(SFML_LINK_SUFFIX)";
				SFML_LINK_DYLIBS_PREFIX = "-l";
				SFML_LINK_DYLIBS_SUFFIX = "";
				SFML_LINK_FRAMEWORKS_PREFIX = "-framework";
				SFML_LINK_FRAMEWORKS_SUFFIX = "";
				SFML_LINK_PREFIX = "$(SFML_LINK_$(SFML_BINARY_TYPE)_PREFIX)";
				SFML_LINK_SUFFIX = "$(SFML_LINK_$(SFML_BINARY_TYPE)_SUFFIX)";
				SFML_NETWORK = "$(SFML_LINK_PREFIX) sfml-network$(SFML_LINK_SUFFIX)";
				SFML_SYSTEM = "$(SFML_LINK_PREFIX) sfml-system$(SFML_LINK_SUFFIX)";
				SFML_WINDOW = "$(SFML_LINK_PREFIX) sfml-window$(SFML_LINK_SUFFIX)";
				SUPPORTED_PLATFORMS = macosx;
			};
			name = Release;
		};
		4DED87621E55DE7B00C306FA /* Debug */ = {
			isa = XCBuildConfiguration;
			buildSettings = {
				DEVELOPMENT_TEAM = XZ493P2355;
				INFOPLIST_FILE = "sfml-macos-playground/sfml-macos-playground-Info.plist";
				LD_RUNPATH_SEARCH_PATHS = "@loader_path/../Frameworks";
				PRODUCT_NAME = "$(TARGET_NAME)";
			};
			name = Debug;
		};
		4DED87631E55DE7B00C306FA /* Release */ = {
			isa = XCBuildConfiguration;
			buildSettings = {
				DEVELOPMENT_TEAM = XZ493P2355;
				INFOPLIST_FILE = "sfml-macos-playground/sfml-macos-playground-Info.plist";
				LD_RUNPATH_SEARCH_PATHS = "@loader_path/../Frameworks";
				PRODUCT_NAME = "$(TARGET_NAME)";
			};
			name = Release;
		};
/* End XCBuildConfiguration section */

/* Begin XCConfigurationList section */
		4DED87461E55DE7B00C306FA /* Build configuration list for PBXProject "sfml-macos-playground" */ = {
			isa = XCConfigurationList;
			buildConfigurations = (
				4DED875F1E55DE7B00C306FA /* Debug */,
				4DED87601E55DE7B00C306FA /* Release */,
			);
			defaultConfigurationIsVisible = 0;
			defaultConfigurationName = Release;
		};
		4DED87611E55DE7B00C306FA /* Build configuration list for PBXNativeTarget "sfml-macos-playground" */ = {
			isa = XCConfigurationList;
			buildConfigurations = (
				4DED87621E55DE7B00C306FA /* Debug */,
				4DED87631E55DE7B00C306FA /* Release */,
			);
			defaultConfigurationIsVisible = 0;
			defaultConfigurationName = Release;
		};
/* End XCConfigurationList section */
	};
	rootObject = 4DED87431E55DE7B00C306FA /* Project object */;
}
